<?xml version="1.0" encoding="utf-8"?>
<Project ToolsVersion="4.0" xmlns="http://schemas.microsoft.com/developer/msbuild/2003">
  <ItemGroup>
    <Filter Include="ソース ファイル">
      <UniqueIdentifier>{4FC737F1-C7A5-4376-A066-2A32D752A2FF}</UniqueIdentifier>
      <Extensions>cpp;c;cc;cxx;c++;cppm;ixx;def;odl;idl;hpj;bat;asm;asmx</Extensions>
    </Filter>
    <Filter Include="ソース ファイル\Include">
      <UniqueIdentifier>{dc7136ea-5dbf-470a-9320-77c2f91f6bd7}</UniqueIdentifier>
    </Filter>
    <Filter Include="ソース ファイル\SceneLibrary">
      <UniqueIdentifier>{3a13e8f3-071d-4bf6-a392-657a738c1647}</UniqueIdentifier>
    </Filter>
    <Filter Include="ソース ファイル\Scenes">
      <UniqueIdentifier>{5dd5ef34-cba4-45e0-a93e-dfe752d9f350}</UniqueIdentifier>
    </Filter>
    <Filter Include="ソース ファイル\Scenes\TestScene">
      <UniqueIdentifier>{c9f39b34-388f-4708-9922-0654dc7ae028}</UniqueIdentifier>
    </Filter>
    <Filter Include="ソース ファイル\object">
      <UniqueIdentifier>{a0c6b1bb-f6e9-4849-8e1e-410dd86cf306}</UniqueIdentifier>
    </Filter>
    <Filter Include="ソース ファイル\Input">
      <UniqueIdentifier>{69b09cc4-3064-4992-802d-2d10c67c4c54}</UniqueIdentifier>
    </Filter>
    <Filter Include="ソース ファイル\object\Camera">
      <UniqueIdentifier>{853ec62f-e5fb-470e-9e83-f2e6f802c147}</UniqueIdentifier>
    </Filter>
    <Filter Include="ソース ファイル\Debug">
      <UniqueIdentifier>{7541a14b-9bf0-4799-a42f-cea83049b0d3}</UniqueIdentifier>
    </Filter>
    <Filter Include="ソース ファイル\Objects">
      <UniqueIdentifier>{8646f1b3-cdf6-4a92-a653-3d52f4d77802}</UniqueIdentifier>
    </Filter>
    <Filter Include="ソース ファイル\State">
      <UniqueIdentifier>{4d344983-2f1f-42cf-a87d-6bee72bd2c24}</UniqueIdentifier>
    </Filter>
    <Filter Include="ソース ファイル\State\PlayerState">
      <UniqueIdentifier>{9741a187-9204-4c31-91c4-1e54e86be156}</UniqueIdentifier>
    </Filter>
    <Filter Include="ソース ファイル\State\PlayerState\Jump">
      <UniqueIdentifier>{7174c345-3827-425f-91c5-bf4fbee164cd}</UniqueIdentifier>
    </Filter>
    <Filter Include="ソース ファイル\State\PlayerState\Attack">
      <UniqueIdentifier>{a6e70fc1-87d5-4c4c-a857-dd07e53fa5bc}</UniqueIdentifier>
    </Filter>
    <Filter Include="ソース ファイル\State\PlayerState\Dodge">
      <UniqueIdentifier>{80416491-4c51-4679-836b-04738d45db89}</UniqueIdentifier>
    </Filter>
    <Filter Include="ソース ファイル\State\PlayerState\Damage">
      <UniqueIdentifier>{2ba2841a-7f2d-4b37-b126-8f0650eb8672}</UniqueIdentifier>
    </Filter>
    <Filter Include="ソース ファイル\State\PlayerState\Dead">
      <UniqueIdentifier>{759422ef-ec55-4945-b25f-c90730f6ed78}</UniqueIdentifier>
    </Filter>
    <Filter Include="ソース ファイル\State\PlayerState\Idle">
      <UniqueIdentifier>{db57ecd1-3507-49ce-8153-db231174f91a}</UniqueIdentifier>
    </Filter>
    <Filter Include="ソース ファイル\State\PlayerState\Walk">
      <UniqueIdentifier>{5cd0a3ff-ea49-4bfd-b2ce-95999da72d09}</UniqueIdentifier>
    </Filter>
    <Filter Include="ソース ファイル\StateMachine">
      <UniqueIdentifier>{573f8bbc-2acc-439a-9af3-f58cb3a122c4}</UniqueIdentifier>
    </Filter>
    <Filter Include="ソース ファイル\State\PlayerState\Fall">
      <UniqueIdentifier>{b8e4d2ee-6d5e-4827-9627-daceb9dcadd6}</UniqueIdentifier>
    </Filter>
    <Filter Include="ソース ファイル\object\ObjectBase">
      <UniqueIdentifier>{9586edd5-4d9a-4792-8dfb-f4f78c7247d6}</UniqueIdentifier>
    </Filter>
    <Filter Include="ソース ファイル\State\EnemyState">
      <UniqueIdentifier>{f0d4242f-a299-4024-a567-a7ccdb90a762}</UniqueIdentifier>
    </Filter>
    <Filter Include="ソース ファイル\Parameter">
      <UniqueIdentifier>{49d9b4a4-29ee-44d1-9b78-efa0c8720283}</UniqueIdentifier>
    </Filter>
    <Filter Include="ソース ファイル\Parameter\Player">
      <UniqueIdentifier>{7d2be7d2-a303-45e7-98a9-2a0365c91728}</UniqueIdentifier>
    </Filter>
    <Filter Include="ソース ファイル\Time">
      <UniqueIdentifier>{86af1cc2-b794-4a8a-8603-77a90a0adde4}</UniqueIdentifier>
    </Filter>
    <Filter Include="ソース ファイル\State\EnemyState\EnemyChase">
      <UniqueIdentifier>{8043cb19-9940-4405-8d9f-4fc4dab47fbd}</UniqueIdentifier>
    </Filter>
    <Filter Include="ソース ファイル\State\EnemyState\EnemyIdle">
      <UniqueIdentifier>{858d38da-5763-406d-9b1c-4231efb217db}</UniqueIdentifier>
    </Filter>
    <Filter Include="ソース ファイル\State\EnemyState\EnemyAttack">
      <UniqueIdentifier>{75713899-134c-4075-9df3-a9466f379369}</UniqueIdentifier>
    </Filter>
    <Filter Include="ソース ファイル\State\EnemyState\EnemyStun">
      <UniqueIdentifier>{a1911ce3-00a6-4421-a21f-e8262ee972cf}</UniqueIdentifier>
    </Filter>
    <Filter Include="ソース ファイル\Collision">
      <UniqueIdentifier>{6531697b-91bd-4267-a30a-f96ace333fd2}</UniqueIdentifier>
    </Filter>
    <Filter Include="ソース ファイル\Collision\AttackCollision">
      <UniqueIdentifier>{ecbda887-5038-4218-a451-324ca0832eaa}</UniqueIdentifier>
    </Filter>
    <Filter Include="ソース ファイル\UI">
      <UniqueIdentifier>{c0f91be4-7387-4437-bbc1-1a7e34794c76}</UniqueIdentifier>
    </Filter>
    <Filter Include="ソース ファイル\UI\PlayerHPUI">
      <UniqueIdentifier>{e37825ea-e4be-48d4-b65b-bfcb0c631a85}</UniqueIdentifier>
    </Filter>
    <Filter Include="ソース ファイル\UI\HPBarUI">
      <UniqueIdentifier>{cfbae6fb-072d-4d4d-9b19-ba9d3575ff77}</UniqueIdentifier>
    </Filter>
    <Filter Include="ソース ファイル\object\Player">
      <UniqueIdentifier>{0566a9ed-fae0-4220-bbcc-c11f793619d4}</UniqueIdentifier>
    </Filter>
    <Filter Include="ソース ファイル\object\Enemy">
      <UniqueIdentifier>{b0b9d8d2-38f8-4801-b64f-2fa6fceb0612}</UniqueIdentifier>
    </Filter>
    <Filter Include="ソース ファイル\object\Enemy\EnemyMelee">
      <UniqueIdentifier>{f886dedc-a03d-4d74-9d8e-5c4e049197ba}</UniqueIdentifier>
    </Filter>
    <Filter Include="ソース ファイル\object\Enemy\EnemyBase">
      <UniqueIdentifier>{44997867-745c-4350-9036-d2a27878f9fa}</UniqueIdentifier>
    </Filter>
    <Filter Include="ソース ファイル\Combat">
      <UniqueIdentifier>{6c41e07e-35dd-442c-9dd3-aadac8ff9793}</UniqueIdentifier>
    </Filter>
    <Filter Include="ソース ファイル\Combat\AttackHitSphere">
      <UniqueIdentifier>{cc9bb849-3ee3-4f3e-a023-bd9cf6f3fb9c}</UniqueIdentifier>
    </Filter>
    <Filter Include="ソース ファイル\Character">
      <UniqueIdentifier>{d4f0e9b8-499c-4351-88dc-2f8768719c70}</UniqueIdentifier>
    </Filter>
    <Filter Include="ソース ファイル\State\EnemyState\EnemyDamage">
      <UniqueIdentifier>{eaf7021d-379a-4222-a32f-a0ac6c12c377}</UniqueIdentifier>
    </Filter>
    <Filter Include="ソース ファイル\State\EnemyState\EnemyDeadState">
      <UniqueIdentifier>{86aaa165-1c69-4f8a-9567-a2999b12b473}</UniqueIdentifier>
    </Filter>
    <Filter Include="ソース ファイル\Parameter\Enemy">
      <UniqueIdentifier>{f3f7e904-09fc-45fc-a88b-14b71a35b4cb}</UniqueIdentifier>
    </Filter>
    <Filter Include="ソース ファイル\Parameter\Enemy\EnemyMelee">
      <UniqueIdentifier>{bf906194-1a1d-440f-96ce-4fdf629151f6}</UniqueIdentifier>
    </Filter>
    <Filter Include="ソース ファイル\UIContainer">
      <UniqueIdentifier>{48d5da00-aff0-4dfe-babf-501c98ee4377}</UniqueIdentifier>
    </Filter>
    <Filter Include="ソース ファイル\UIFactory">
      <UniqueIdentifier>{130b706e-f0c7-4a10-ae53-0c71f4c0e920}</UniqueIdentifier>
    </Filter>
    <Filter Include="ソース ファイル\Collision\CharacterCollision">
      <UniqueIdentifier>{07d90f06-25ff-4cae-a1bc-5336116ef484}</UniqueIdentifier>
    </Filter>
    <Filter Include="ソース ファイル\object\Enemy\EnemyShooter">
      <UniqueIdentifier>{54a39b0c-32e0-4b4a-a981-c405b7801fc7}</UniqueIdentifier>
    </Filter>
    <Filter Include="ソース ファイル\Parameter\Enemy\EnemyShooter">
      <UniqueIdentifier>{24464fd9-120d-4a91-b13b-c2669bd692ff}</UniqueIdentifier>
    </Filter>
    <Filter Include="ソース ファイル\State\EnemyState\EnemyCombatIdleState">
      <UniqueIdentifier>{3ee756b2-438e-44f3-9302-19522b66fa7a}</UniqueIdentifier>
    </Filter>
    <Filter Include="ソース ファイル\Combat\AttackToken">
      <UniqueIdentifier>{d1996da1-ffa6-415c-aebf-760240493a8e}</UniqueIdentifier>
    </Filter>
    <Filter Include="ソース ファイル\UI\DamageTextUI">
      <UniqueIdentifier>{ba154edb-1a9b-4359-a269-7da2764426b6}</UniqueIdentifier>
    </Filter>
    <Filter Include="ソース ファイル\State\PlayerState\Aim">
      <UniqueIdentifier>{e3c595c5-6aea-4cb4-8131-de0fb3a26616}</UniqueIdentifier>
    </Filter>
    <Filter Include="ソース ファイル\State\PlayerState\Fire">
      <UniqueIdentifier>{4c166e42-1854-4291-9299-d52c7002d870}</UniqueIdentifier>
    </Filter>
    <Filter Include="ソース ファイル\State\PlayerState\JustDodge">
      <UniqueIdentifier>{6cba9082-7a6e-49f2-969e-d6725fc7a952}</UniqueIdentifier>
    </Filter>
    <Filter Include="ソース ファイル\EffectContainer">
      <UniqueIdentifier>{a11f9a81-9597-4941-be36-1dcf1ccf44b4}</UniqueIdentifier>
    </Filter>
    <Filter Include="ソース ファイル\Animation">
      <UniqueIdentifier>{dca70708-b3f3-46fb-84f1-f79834b138b6}</UniqueIdentifier>
    </Filter>
    <Filter Include="ソース ファイル\UI\PlayerBulletUI">
      <UniqueIdentifier>{b887f35a-b2bf-4802-93ab-4a8d9a841ede}</UniqueIdentifier>
    </Filter>
    <Filter Include="ソース ファイル\UI\TargetMarkar">
      <UniqueIdentifier>{9d9bff5f-8737-491a-a308-d695c22b6f5e}</UniqueIdentifier>
    </Filter>
    <Filter Include="ソース ファイル\Font">
      <UniqueIdentifier>{f1e138b2-672c-4e10-b7e8-8540ac27a6cf}</UniqueIdentifier>
    </Filter>
    <Filter Include="ソース ファイル\State\PlayerState\Block">
      <UniqueIdentifier>{c3077dfb-a000-4b68-868c-a65f6b3524c6}</UniqueIdentifier>
    </Filter>
    <Filter Include="ソース ファイル\State\PlayerState\Parry">
      <UniqueIdentifier>{31d87f81-6e98-4f43-9f14-5bc6babb3ac0}</UniqueIdentifier>
    </Filter>
    <Filter Include="ソース ファイル\object\Stage">
      <UniqueIdentifier>{9eb56058-268e-4cf6-bb8f-bac2798b429b}</UniqueIdentifier>
    </Filter>
    <Filter Include="ソース ファイル\Shadow">
      <UniqueIdentifier>{9d008f23-82ff-42f5-b9be-a9324b9afdde}</UniqueIdentifier>
    </Filter>
    <Filter Include="ソース ファイル\Collision\StageCollision">
      <UniqueIdentifier>{ff3b14b5-ac26-4d4f-8558-99c0229b185c}</UniqueIdentifier>
    </Filter>
    <Filter Include="ソース ファイル\object\Swrod">
      <UniqueIdentifier>{79ff8e20-b823-4a7f-8c96-51e9eb4fbf32}</UniqueIdentifier>
    </Filter>
    <Filter Include="ソース ファイル\State\PlayerState\SPAttack">
      <UniqueIdentifier>{c132e087-0122-4982-bdbf-774d595e046d}</UniqueIdentifier>
    </Filter>
    <Filter Include="ソース ファイル\Scenes\TitleScene">
      <UniqueIdentifier>{000d840b-3cef-46aa-adee-745ba8b30025}</UniqueIdentifier>
    </Filter>
    <Filter Include="ソース ファイル\State\PlayerState\Run">
      <UniqueIdentifier>{2402676e-415f-4840-b3b3-48577d08174a}</UniqueIdentifier>
    </Filter>
    <Filter Include="ソース ファイル\EnemyFactory">
      <UniqueIdentifier>{9e0148ef-5990-4415-8297-0d3c8680b740}</UniqueIdentifier>
    </Filter>
    <Filter Include="json">
      <UniqueIdentifier>{7bec6fb8-ba6a-41ee-aadf-5c0dd5fa2127}</UniqueIdentifier>
    </Filter>
  </ItemGroup>
  <ItemGroup>
    <ClCompile Include="Main.cpp">
      <Filter>ソース ファイル</Filter>
    </ClCompile>
    <ClCompile Include="stdafx.cpp">
      <Filter>ソース ファイル\Include</Filter>
    </ClCompile>
    <ClCompile Include="SceneManager.cpp">
      <Filter>ソース ファイル\SceneLibrary</Filter>
    </ClCompile>
    <ClCompile Include="Scene.cpp">
      <Filter>ソース ファイル\SceneLibrary</Filter>
    </ClCompile>
    <ClCompile Include="TestScene.cpp">
      <Filter>ソース ファイル\Scenes\TestScene</Filter>
    </ClCompile>
    <ClCompile Include="Objects.cpp">
      <Filter>ソース ファイル\Objects</Filter>
    </ClCompile>
    <ClCompile Include="Debug.cpp">
      <Filter>ソース ファイル\Debug</Filter>
    </ClCompile>
    <ClCompile Include="Player.cpp">
      <Filter>ソース ファイル\object\Player</Filter>
    </ClCompile>
    <ClCompile Include="Input.cpp">
      <Filter>ソース ファイル\Input</Filter>
    </ClCompile>
    <ClCompile Include="Camera.cpp">
      <Filter>ソース ファイル\object\Camera</Filter>
    </ClCompile>
    <ClCompile Include="PlayerIdleState.cpp">
      <Filter>ソース ファイル\State\PlayerState\Idle</Filter>
    </ClCompile>
    <ClCompile Include="PlayerWalkState.cpp">
      <Filter>ソース ファイル\State\PlayerState\Walk</Filter>
    </ClCompile>
    <ClCompile Include="PlayerJumpState.cpp">
      <Filter>ソース ファイル\State\PlayerState\Jump</Filter>
    </ClCompile>
    <ClCompile Include="PlayerFallState.cpp">
      <Filter>ソース ファイル\State\PlayerState\Fall</Filter>
    </ClCompile>
    <ClCompile Include="Object.cpp">
      <Filter>ソース ファイル\object\ObjectBase</Filter>
    </ClCompile>
    <ClCompile Include="EnemyMelee.cpp">
      <Filter>ソース ファイル\object\Enemy\EnemyMelee</Filter>
    </ClCompile>
    <ClCompile Include="PlayerDodgeState.cpp">
      <Filter>ソース ファイル\State\PlayerState\Dodge</Filter>
    </ClCompile>
    <ClCompile Include="Time.cpp">
      <Filter>ソース ファイル\Time</Filter>
    </ClCompile>
    <ClCompile Include="PlayerAttackState.cpp">
      <Filter>ソース ファイル\State\PlayerState\Attack</Filter>
    </ClCompile>
    <ClCompile Include="Enemy.cpp">
      <Filter>ソース ファイル\object\Enemy\EnemyBase</Filter>
    </ClCompile>
    <ClCompile Include="EnemyChaseState.cpp">
      <Filter>ソース ファイル\State\EnemyState\EnemyChase</Filter>
    </ClCompile>
    <ClCompile Include="EnemyAttackState.cpp">
      <Filter>ソース ファイル\State\EnemyState\EnemyAttack</Filter>
    </ClCompile>
    <ClCompile Include="AttackHitSphere.cpp">
      <Filter>ソース ファイル\Combat\AttackHitSphere</Filter>
    </ClCompile>
    <ClCompile Include="AttackCollision.cpp">
      <Filter>ソース ファイル\Collision\AttackCollision</Filter>
    </ClCompile>
    <ClCompile Include="UIContainer.cpp">
      <Filter>ソース ファイル\UIContainer</Filter>
    </ClCompile>
    <ClCompile Include="PlayerHPUI.cpp">
      <Filter>ソース ファイル\UI\PlayerHPUI</Filter>
    </ClCompile>
    <ClCompile Include="HPBarUI.cpp">
      <Filter>ソース ファイル\UI\HPBarUI</Filter>
    </ClCompile>
    <ClCompile Include="CharacterBase.cpp">
      <Filter>ソース ファイル\Character</Filter>
    </ClCompile>
    <ClCompile Include="PlayerDamageState.cpp">
      <Filter>ソース ファイル\State\PlayerState\Damage</Filter>
    </ClCompile>
    <ClCompile Include="EnemyDamageState.cpp">
      <Filter>ソース ファイル\State\EnemyState\EnemyDamage</Filter>
    </ClCompile>
    <ClCompile Include="EnemyDeadState.cpp">
      <Filter>ソース ファイル\State\EnemyState\EnemyDeadState</Filter>
    </ClCompile>
    <ClCompile Include="UIFactory.cpp">
      <Filter>ソース ファイル\UIFactory</Filter>
    </ClCompile>
    <ClCompile Include="EnemyStateBase.cpp">
      <Filter>ソース ファイル\State\EnemyState</Filter>
    </ClCompile>
    <ClCompile Include="CharacterCollision.cpp">
      <Filter>ソース ファイル\Collision\CharacterCollision</Filter>
    </ClCompile>
    <ClCompile Include="EnemyShooter.cpp">
      <Filter>ソース ファイル\object\Enemy\EnemyShooter</Filter>
    </ClCompile>
    <ClCompile Include="EnemyStunState.cpp">
      <Filter>ソース ファイル\State\EnemyState\EnemyStun</Filter>
    </ClCompile>
    <ClCompile Include="EnemyCombatIdleState.cpp">
      <Filter>ソース ファイル\State\EnemyState\EnemyCombatIdleState</Filter>
    </ClCompile>
    <ClCompile Include="AttackToken.cpp">
      <Filter>ソース ファイル\Combat\AttackToken</Filter>
    </ClCompile>
    <ClCompile Include="DamageTextUI.cpp">
      <Filter>ソース ファイル\UI\DamageTextUI</Filter>
    </ClCompile>
    <ClCompile Include="PlayerJustDodgeState.cpp">
      <Filter>ソース ファイル\State\PlayerState\JustDodge</Filter>
    </ClCompile>
    <ClCompile Include="PlayerAimState.cpp">
      <Filter>ソース ファイル\State\PlayerState\Aim</Filter>
    </ClCompile>
    <ClCompile Include="PlayerFireState.cpp">
      <Filter>ソース ファイル\State\PlayerState\Fire</Filter>
    </ClCompile>
    <ClCompile Include="EffectContainer.cpp">
      <Filter>ソース ファイル\EffectContainer</Filter>
    </ClCompile>
    <ClCompile Include="Animation.cpp">
      <Filter>ソース ファイル\Animation</Filter>
    </ClCompile>
    <ClCompile Include="PlayerBulletUI.cpp">
      <Filter>ソース ファイル\UI\PlayerBulletUI</Filter>
    </ClCompile>
    <ClCompile Include="TargetMarkerUI.cpp">
      <Filter>ソース ファイル\UI\TargetMarkar</Filter>
    </ClCompile>
    <ClCompile Include="Font.cpp">
      <Filter>ソース ファイル\Font</Filter>
    </ClCompile>
    <ClCompile Include="PlayerBlockState.cpp">
      <Filter>ソース ファイル\State\PlayerState\Block</Filter>
    </ClCompile>
    <ClCompile Include="PlayerParryState.cpp">
      <Filter>ソース ファイル\State\PlayerState\Parry</Filter>
    </ClCompile>
    <ClCompile Include="Stage.cpp">
      <Filter>ソース ファイル\object\Stage</Filter>
    </ClCompile>
    <ClCompile Include="Shadow.cpp">
      <Filter>ソース ファイル\Shadow</Filter>
    </ClCompile>
    <ClCompile Include="StageCollision.cpp">
      <Filter>ソース ファイル\Collision\StageCollision</Filter>
    </ClCompile>
    <ClCompile Include="Sword.cpp">
      <Filter>ソース ファイル\object\Swrod</Filter>
    </ClCompile>
    <ClCompile Include="PlayerSPAttackState.cpp">
      <Filter>ソース ファイル\State\PlayerState\SPAttack</Filter>
    </ClCompile>
    <ClCompile Include="TitleScene.cpp">
      <Filter>ソース ファイル\Scenes\TitleScene</Filter>
    </ClCompile>
    <ClCompile Include="PlayerRunState.cpp">
      <Filter>ソース ファイル\State\PlayerState\Run</Filter>
    </ClCompile>
    <ClCompile Include="EnemyFactory.cpp">
      <Filter>ソース ファイル\EnemyFactory</Filter>
    </ClCompile>
    <ClCompile Include="ParameterContainer.cpp">
      <Filter>json</Filter>
    </ClCompile>
  </ItemGroup>
  <ItemGroup>
    <ClInclude Include="stdafx.h">
      <Filter>ソース ファイル\Include</Filter>
    </ClInclude>
    <ClInclude Include="SceneManager.h">
      <Filter>ソース ファイル\SceneLibrary</Filter>
    </ClInclude>
    <ClInclude Include="Scene.h">
      <Filter>ソース ファイル\SceneLibrary</Filter>
    </ClInclude>
    <ClInclude Include="TestScene.h">
      <Filter>ソース ファイル\Scenes\TestScene</Filter>
    </ClInclude>
    <ClInclude Include="Player.h">
      <Filter>ソース ファイル\object\Player</Filter>
    </ClInclude>
    <ClInclude Include="Input.h">
      <Filter>ソース ファイル\Input</Filter>
    </ClInclude>
    <ClInclude Include="Camera.h">
      <Filter>ソース ファイル\object\Camera</Filter>
    </ClInclude>
    <ClInclude Include="Objects.h">
      <Filter>ソース ファイル\Objects</Filter>
    </ClInclude>
    <ClInclude Include="Debug.h">
      <Filter>ソース ファイル\Debug</Filter>
    </ClInclude>
    <ClInclude Include="StateBase.h">
      <Filter>ソース ファイル\State</Filter>
    </ClInclude>
    <ClInclude Include="PlayerIdleState.h">
      <Filter>ソース ファイル\State\PlayerState\Idle</Filter>
    </ClInclude>
    <ClInclude Include="PlayerWalkState.h">
      <Filter>ソース ファイル\State\PlayerState\Walk</Filter>
    </ClInclude>
    <ClInclude Include="StateMachine.h">
      <Filter>ソース ファイル\StateMachine</Filter>
    </ClInclude>
    <ClInclude Include="PlayerStateBase.h">
      <Filter>ソース ファイル\State\PlayerState</Filter>
    </ClInclude>
    <ClInclude Include="PlayerJumpState.h">
      <Filter>ソース ファイル\State\PlayerState\Jump</Filter>
    </ClInclude>
    <ClInclude Include="PlayerFallState.h">
      <Filter>ソース ファイル\State\PlayerState\Fall</Filter>
    </ClInclude>
    <ClInclude Include="Object.h">
      <Filter>ソース ファイル\object\ObjectBase</Filter>
    </ClInclude>
    <ClInclude Include="EnemyStateBase.h">
      <Filter>ソース ファイル\State\EnemyState</Filter>
    </ClInclude>
    <ClInclude Include="EnemyMelee.h">
      <Filter>ソース ファイル\object\Enemy\EnemyMelee</Filter>
    </ClInclude>
    <ClInclude Include="PlayerDodgeState.h">
      <Filter>ソース ファイル\State\PlayerState\Dodge</Filter>
    </ClInclude>
    <ClInclude Include="PlayerParameter.h">
      <Filter>ソース ファイル\Parameter\Player</Filter>
    </ClInclude>
    <ClInclude Include="Time.h">
      <Filter>ソース ファイル\Time</Filter>
    </ClInclude>
    <ClInclude Include="PlayerAttackState.h">
      <Filter>ソース ファイル\State\PlayerState\Attack</Filter>
    </ClInclude>
    <ClInclude Include="Enemy.h">
      <Filter>ソース ファイル\object\Enemy\EnemyBase</Filter>
    </ClInclude>
    <ClInclude Include="EnemyChaseState.h">
      <Filter>ソース ファイル\State\EnemyState\EnemyChase</Filter>
    </ClInclude>
    <ClInclude Include="EnemyMeleeParameter.h">
      <Filter>ソース ファイル\Parameter\Enemy\EnemyMelee</Filter>
    </ClInclude>
    <ClInclude Include="EnemyAttackState.h">
      <Filter>ソース ファイル\State\EnemyState\EnemyAttack</Filter>
    </ClInclude>
    <ClInclude Include="AttackHitSphere.h">
      <Filter>ソース ファイル\Combat\AttackHitSphere</Filter>
    </ClInclude>
    <ClInclude Include="AttackCollision.h">
      <Filter>ソース ファイル\Collision\AttackCollision</Filter>
    </ClInclude>
    <ClInclude Include="UIBase.h">
      <Filter>ソース ファイル\UI</Filter>
    </ClInclude>
    <ClInclude Include="UIContainer.h">
      <Filter>ソース ファイル\UIContainer</Filter>
    </ClInclude>
    <ClInclude Include="PlayerHPUI.h">
      <Filter>ソース ファイル\UI\PlayerHPUI</Filter>
    </ClInclude>
    <ClInclude Include="IDamageable.h">
      <Filter>ソース ファイル\object</Filter>
    </ClInclude>
    <ClInclude Include="DamageableObject.h">
      <Filter>ソース ファイル\object</Filter>
    </ClInclude>
    <ClInclude Include="HPBarUI.h">
      <Filter>ソース ファイル\UI\HPBarUI</Filter>
    </ClInclude>
    <ClInclude Include="AttackData.h">
      <Filter>ソース ファイル\Combat</Filter>
    </ClInclude>
    <ClInclude Include="DamageInfo.h">
      <Filter>ソース ファイル\Combat</Filter>
    </ClInclude>
    <ClInclude Include="CharacterBase.h">
      <Filter>ソース ファイル\Character</Filter>
    </ClInclude>
    <ClInclude Include="PlayerDamageState.h">
      <Filter>ソース ファイル\State\PlayerState\Damage</Filter>
    </ClInclude>
    <ClInclude Include="EnemyDamageState.h">
      <Filter>ソース ファイル\State\EnemyState\EnemyDamage</Filter>
    </ClInclude>
    <ClInclude Include="EnemyDeadState.h">
      <Filter>ソース ファイル\State\EnemyState\EnemyDeadState</Filter>
    </ClInclude>
    <ClInclude Include="EnemyParameter.h">
      <Filter>ソース ファイル\Parameter\Enemy</Filter>
    </ClInclude>
    <ClInclude Include="UIFactory.h">
      <Filter>ソース ファイル\UIFactory</Filter>
    </ClInclude>
    <ClInclude Include="CharacterCollision.h">
      <Filter>ソース ファイル\Collision\CharacterCollision</Filter>
    </ClInclude>
    <ClInclude Include="EnemyShooter.h">
      <Filter>ソース ファイル\object\Enemy\EnemyShooter</Filter>
    </ClInclude>
    <ClInclude Include="EnemyShooterParameter.h">
      <Filter>ソース ファイル\Parameter\Enemy\EnemyShooter</Filter>
    </ClInclude>
    <ClInclude Include="EnemyStunState.h">
      <Filter>ソース ファイル\State\EnemyState\EnemyStun</Filter>
    </ClInclude>
    <ClInclude Include="EnemyCombatIdleState.h">
      <Filter>ソース ファイル\State\EnemyState\EnemyCombatIdleState</Filter>
    </ClInclude>
    <ClInclude Include="AttackToken.h">
      <Filter>ソース ファイル\Combat\AttackToken</Filter>
    </ClInclude>
    <ClInclude Include="StunComponent.h">
      <Filter>ソース ファイル\Combat</Filter>
    </ClInclude>
    <ClInclude Include="DamageTextUI.h">
      <Filter>ソース ファイル\UI\DamageTextUI</Filter>
    </ClInclude>
    <ClInclude Include="PlayerJustDodgeState.h">
      <Filter>ソース ファイル\State\PlayerState\JustDodge</Filter>
    </ClInclude>
    <ClInclude Include="PlayerAimState.h">
      <Filter>ソース ファイル\State\PlayerState\Aim</Filter>
    </ClInclude>
    <ClInclude Include="PlayerFireState.h">
      <Filter>ソース ファイル\State\PlayerState\Fire</Filter>
    </ClInclude>
    <ClInclude Include="EffectContainer.h">
      <Filter>ソース ファイル\EffectContainer</Filter>
    </ClInclude>
    <ClInclude Include="Animation.h">
      <Filter>ソース ファイル\Animation</Filter>
    </ClInclude>
    <ClInclude Include="PlayerBulletUI.h">
      <Filter>ソース ファイル\UI\PlayerBulletUI</Filter>
    </ClInclude>
    <ClInclude Include="TargetMarkerUI.h">
      <Filter>ソース ファイル\UI\TargetMarkar</Filter>
    </ClInclude>
    <ClInclude Include="Font.h">
      <Filter>ソース ファイル\Font</Filter>
    </ClInclude>
    <ClInclude Include="PlayerBlockState.h">
      <Filter>ソース ファイル\State\PlayerState\Block</Filter>
    </ClInclude>
    <ClInclude Include="PlayerParryState.h">
      <Filter>ソース ファイル\State\PlayerState\Parry</Filter>
    </ClInclude>
    <ClInclude Include="Stage.h">
      <Filter>ソース ファイル\object\Stage</Filter>
    </ClInclude>
    <ClInclude Include="Shadow.h">
      <Filter>ソース ファイル\Shadow</Filter>
    </ClInclude>
    <ClInclude Include="StageCollision.h">
      <Filter>ソース ファイル\Collision\StageCollision</Filter>
    </ClInclude>
    <ClInclude Include="Sword.h">
      <Filter>ソース ファイル\object\Swrod</Filter>
    </ClInclude>
    <ClInclude Include="PlayerSPAttackState.h">
      <Filter>ソース ファイル\State\PlayerState\SPAttack</Filter>
    </ClInclude>
    <ClInclude Include="TitleScene.h">
      <Filter>ソース ファイル\Scenes\TitleScene</Filter>
    </ClInclude>
    <ClInclude Include="PlayerRunState.h">
      <Filter>ソース ファイル\State\PlayerState\Run</Filter>
    </ClInclude>
    <ClInclude Include="EnemyFactory.h">
      <Filter>ソース ファイル\EnemyFactory</Filter>
    </ClInclude>
    <ClInclude Include="ParameterContainer.h">
      <Filter>json</Filter>
    </ClInclude>
  </ItemGroup>
</Project>